
Microsoft Visual Studio Solution File, Format Version 12.00
# Visual Studio 15
VisualStudioVersion = 15.0.28010.2048
MinimumVisualStudioVersion = 10.0.40219.1
Project("{FAE04EC0-301F-11D3-BF4B-00C04F79EFBC}") = "Cruz1974Course.Domain", "CruzStoreApp.Domain\Cruz1974Course.Domain.csproj", "{19C234D3-B26A-4685-B605-9650DB69D9FD}"
EndProject
Project("{FAE04EC0-301F-11D3-BF4B-00C04F79EFBC}") = "Cruz1974CourseTest", "Cruz1974CourseTest\Cruz1974CourseTest.csproj", "{1D0EC444-E57A-49D1-B206-9D4181457746}"
EndProject
Global
	GlobalSection(SolutionConfigurationPlatforms) = preSolution
		Debug|Any CPU = Debug|Any CPU
		Release|Any CPU = Release|Any CPU
	EndGlobalSection
	GlobalSection(ProjectConfigurationPlatforms) = postSolution
		{19C234D3-B26A-4685-B605-9650DB69D9FD}.Debug|Any CPU.ActiveCfg = Debug|Any CPU
		{19C234D3-B26A-4685-B605-9650DB69D9FD}.Debug|Any CPU.Build.0 = Debug|Any CPU
		{19C234D3-B26A-4685-B605-9650DB69D9FD}.Release|Any CPU.ActiveCfg = Release|Any CPU
		{19C234D3-B26A-4685-B605-9650DB69D9FD}.Release|Any CPU.Build.0 = Release|Any CPU
		{1D0EC444-E57A-49D1-B206-9D4181457746}.Debug|Any CPU.ActiveCfg = Debug|Any CPU
		{1D0EC444-E57A-49D1-B206-9D4181457746}.Debug|Any CPU.Build.0 = Debug|Any CPU
		{1D0EC444-E57A-49D1-B206-9D4181457746}.Release|Any CPU.ActiveCfg = Release|Any CPU
		{1D0EC444-E57A-49D1-B206-9D4181457746}.Release|Any CPU.Build.0 = Release|Any CPU
	EndGlobalSection
	GlobalSection(SolutionProperties) = preSolution
		HideSolutionNode = FALSE
	EndGlobalSection
	GlobalSection(ExtensibilityGlobals) = postSolution
		SolutionGuid = {DC01541E-0721-4E74-AFDA-F7596E0F7FAB}
	EndGlobalSection
EndGlobal
